# This file is autogenerated, do not edit; changes may be undone by the next 'dep ensure'.


[[projects]]
  digest = "1:87c2e02fb01c27060ccc5ba7c5a407cc91147726f8f40b70cceeedbc52b1f3a8"
  name = "github.com/Sirupsen/logrus"
  packages = ["."]
  pruneopts = "UT"
  revision = "e1e72e9de974bd926e5c56f83753fba2df402ce5"
  version = "v1.3.0"

[[projects]]
  branch = "master"
  digest = "1:3bcb4cb52533b0a256f4e79e4bdf2440818e9422bd1e4e69ea3ff8d6a65f8113"
  name = "github.com/cdevr/WapSNMP"
  packages = ["."]
  pruneopts = "UT"
  revision = "94cbc6d187508e069da813a406056e5f92c65bc6"

[[projects]]
  branch = "master"
  digest = "1:130af1bbaa4ce0179091151044f5ceac2b587df3edc2371bf3e7b89c07317338"
  name = "github.com/autonubil/prometheus-webhook-snmptrapper"
  packages = [
    "config",
    "snmptrapper",
    "types",
    "webhook",
  ]
  pruneopts = "UT"
  revision = "70512ba5b6c7ac00e21c010618d0074a3d99d091"

[[projects]]
  digest = "1:ffe9824d294da03b391f44e1ae8281281b4afc1bdaa9588c9097785e3af10cec"
  name = "github.com/davecgh/go-spew"
  packages = ["spew"]
  pruneopts = "UT"
  revision = "8991bc29aa16c548c550c7ff78260e27b9ab7c73"
  version = "v1.1.1"

[[projects]]
  branch = "master"
  digest = "1:6fe16708356f94f1d18300c9b04630cd47f8ad542dd33e73f321db397f482dff"
  name = "github.com/ebookbug/gosnmptrap"
  packages = ["."]
  pruneopts = "UT"
  revision = "01a706c0f994bd53cd46c0f93046297e9c0637f9"

[[projects]]
  branch = "master"
  digest = "1:28f8bdb5bfb279f6893037a3bc22f7a2a1f4cbc6ccba0b2b12918c3f2a4d09d8"
  name = "github.com/geoffgarside/ber"
  packages = ["."]
  pruneopts = "UT"
  revision = "27a1aff36ce64dbe5d93c08cc5f161983134ddc5"

[[projects]]
  digest = "1:52413a50ae4941a1ff8ec507ee39a666dd38538883c72f5f662f3629ce00bc9f"
  name = "github.com/k-sone/snmpgo"
  packages = ["."]
  pruneopts = "UT"
  revision = "de09377ff34857b08afdc16ea8c7c2929eb1fc6e"
  version = "v3.2.0"

[[projects]]
  digest = "1:0a69a1c0db3591fcefb47f115b224592c8dfa4368b7ba9fae509d5e16cdc95c8"
  name = "github.com/konsorten/go-windows-terminal-sequences"
  packages = ["."]
  pruneopts = "UT"
  revision = "5c8c8bd35d3832f5d134ae1e1e375b69a4d25242"
  version = "v1.0.1"

[[projects]]
  digest = "1:0028cb19b2e4c3112225cd871870f2d9cf49b9b4276531f03438a88e94be86fe"
  name = "github.com/pmezard/go-difflib"
  packages = ["difflib"]
  pruneopts = "UT"
  revision = "792786c7400a136282c1664665ae0a8db921c6c2"
  version = "v1.0.0"

[[projects]]
  digest = "1:5f685b4541d7f8d9dce742683f4feec424dbec7deb1d59bd82172fc3e9d0d86b"
  name = "github.com/prometheus/alertmanager"
  packages = [
    "template",
    "template/internal/deftmpl",
    "types",
  ]
  pruneopts = "UT"
  revision = "d4a7697cc90f8bce62efe7c44b63b542578ec0a1"
  version = "v0.15.3"

[[projects]]
  branch = "master"
  digest = "1:eae0ba7dae229f7daf584f2cd4c774fecefdbe0440c79e3de9cd67048055d51f"
  name = "github.com/prometheus/common"
  packages = ["model"]
  pruneopts = "UT"
  revision = "2998b132700a7d019ff618c06a234b47c1f3f681"

[[projects]]
  digest = "1:972c2427413d41a1e06ca4897e8528e5a1622894050e2f527b38ddf0f343f759"
  name = "github.com/stretchr/testify"
  packages = ["assert"]
  pruneopts = "UT"
  revision = "ffdc059bfe9ce6a4e144ba849dbedead332c6053"
  version = "v1.3.0"

[[projects]]
  branch = "master"
  digest = "1:38f553aff0273ad6f367cb0a0f8b6eecbaef8dc6cb8b50e57b6a81c1d5b1e332"
  name = "golang.org/x/crypto"
  packages = ["ssh/terminal"]
  pruneopts = "UT"
  revision = "ff983b9c42bc9fbf91556e191cc8efb585c16908"

[[projects]]
  branch = "master"
  digest = "1:72f402ba458cb14ed7964c8b9a38d992f27834b3cf3479f3b08ea9e5334811b3"
  name = "golang.org/x/sys"
  packages = [
    "unix",
    "windows",
  ]
  pruneopts = "UT"
  revision = "770c60269bf0ef965e9e7ac8bedcb6bca2a1cefd"

[solve-meta]
  analyzer-name = "dep"
  analyzer-version = 1
  input-imports = [
    "github.com/Sirupsen/logrus",
    "github.com/autonubil/prometheus-webhook-snmptrapper/config",
    "github.com/autonubil/prometheus-webhook-snmptrapper/snmptrapper",
    "github.com/autonubil/prometheus-webhook-snmptrapper/types",
    "github.com/autonubil/prometheus-webhook-snmptrapper/webhook",
    "github.com/ebookbug/gosnmptrap",
    "github.com/k-sone/snmpgo",
    "github.com/prometheus/alertmanager/template",
    "github.com/stretchr/testify/assert",
  ]
  solver-name = "gps-cdcl"
  solver-version = 1
